
Microsoft Visual Studio Solution File, Format Version 12.00
Project("{FAE04EC0-301F-11D3-BF4B-00C04F79EFBC}") = "OOP", "OOP\OOP.csproj", "{0C2044EB-8BB2-4F62-9775-B295DC212798}"
EndProject
Global
	GlobalSection(SolutionConfigurationPlatforms) = preSolution
		Debug|Any CPU = Debug|Any CPU
		Release|Any CPU = Release|Any CPU
	EndGlobalSection
	GlobalSection(ProjectConfigurationPlatforms) = postSolution
		{0C2044EB-8BB2-4F62-9775-B295DC212798}.Debug|Any CPU.ActiveCfg = Debug|Any CPU
		{0C2044EB-8BB2-4F62-9775-B295DC212798}.Debug|Any CPU.Build.0 = Debug|Any CPU
		{0C2044EB-8BB2-4F62-9775-B295DC212798}.Release|Any CPU.ActiveCfg = Release|Any CPU
		{0C2044EB-8BB2-4F62-9775-B295DC212798}.Release|Any CPU.Build.0 = Release|Any CPU
	EndGlobalSection
EndGlobal
