
Microsoft Visual Studio Solution File, Format Version 12.00
Project("{FAE04EC0-301F-11D3-BF4B-00C04F79EFBC}") = "VirtualMethodAbstractInterface", "VirtualMethodAbstractInterface\VirtualMethodAbstractInterface.csproj", "{43E669EF-F2E4-4260-9279-5D54695F15B9}"
EndProject
Global
	GlobalSection(SolutionConfigurationPlatforms) = preSolution
		Debug|Any CPU = Debug|Any CPU
		Release|Any CPU = Release|Any CPU
	EndGlobalSection
	GlobalSection(ProjectConfigurationPlatforms) = postSolution
		{43E669EF-F2E4-4260-9279-5D54695F15B9}.Debug|Any CPU.ActiveCfg = Debug|Any CPU
		{43E669EF-F2E4-4260-9279-5D54695F15B9}.Debug|Any CPU.Build.0 = Debug|Any CPU
		{43E669EF-F2E4-4260-9279-5D54695F15B9}.Release|Any CPU.ActiveCfg = Release|Any CPU
		{43E669EF-F2E4-4260-9279-5D54695F15B9}.Release|Any CPU.Build.0 = Release|Any CPU
	EndGlobalSection
EndGlobal
